github.com/andreyvit/diff v0.0.0-20170406064948-c7f18ee00883 h1:bvNMNQO63//z+xNgfBlViaCIJKLlCJ6/fmUseuG0wVQ=
github.com/andreyvit/diff v0.0.0-20170406064948-c7f18ee00883/go.mod h1:rCTlJbsFo29Kk6CurOXKm700vrz8f0KW0JNfpkRJY/8=
github.com/sergi/go-diff v1.4.0 h1:n/SP9D5ad1fORl+llWyN+D6qoUETXNZARKjyY2/KVCw=
github.com/sergi/go-diff v1.4.0/go.mod h1:A0bzQcvG0E7Rwjx0REVgAGH58e96+X0MeOfepqsbeW4=
github.com/yoanm/go-composer-diff v0.0.0-20260508115711-d65a75be188c h1:Mom8HoWP8jfpBw75FSkl/DIV0ibGDqWB6vfK2mE9YKw=
github.com/yoanm/go-composer-diff v0.0.0-20260508115711-d65a75be188c/go.mod h1:GWUzTm2EhgrE1N46DPefTtN+Gn7zFN+JZxeud0bH37U=
github.com/yoanm/go-deps-diff v0.0.0-20260508113234-ea3e34905922 h1:LQC6ItuVk0ttqxOeSGBjyrasbX2jh8oiRxpRXCimx6Y=
github.com/yoanm/go-deps-diff v0.0.0-20260508113234-ea3e34905922/go.mod h1:56c4pYrQnor6fAmmDscep1SVab1k7SeSJro4QDHpTbY=
