github.com/andreyvit/diff v0.0.0-20170406064948-c7f18ee00883 h1:bvNMNQO63//z+xNgfBlViaCIJKLlCJ6/fmUseuG0wVQ=
github.com/andreyvit/diff v0.0.0-20170406064948-c7f18ee00883/go.mod h1:rCTlJbsFo29Kk6CurOXKm700vrz8f0KW0JNfpkRJY/8=
github.com/sergi/go-diff v1.4.0 h1:n/SP9D5ad1fORl+llWyN+D6qoUETXNZARKjyY2/KVCw=
github.com/sergi/go-diff v1.4.0/go.mod h1:A0bzQcvG0E7Rwjx0REVgAGH58e96+X0MeOfepqsbeW4=
github.com/yoanm/go-composer-diff v0.0.0-20260508133116-43ff5eb57965 h1:qHJhb8sZ15nctlvh6RL+9ji9obBbI19xkAQIhgirCg0=
github.com/yoanm/go-composer-diff v0.0.0-20260508133116-43ff5eb57965/go.mod h1:K+BjnGGQSytQ7YVmkK7BH1vWDvJsu5kcNPoMkLZPSdc=
github.com/yoanm/go-deps-diff v0.0.0-20260508132952-c0069cb69ae4 h1:wz1/tciuJ+WmUnEAhXaGAHpWsyT4Oab/IeNslUqQ744=
github.com/yoanm/go-deps-diff v0.0.0-20260508132952-c0069cb69ae4/go.mod h1:56c4pYrQnor6fAmmDscep1SVab1k7SeSJro4QDHpTbY=
